{
  "name": "direct",
  "version": "1.0.0",
  "lockfileVersion": 3,
  "requires": true,
  "packages": {
    "": {
      "name": "direct",
      "version": "1.0.0",
      "license": "ISC",
      "dependencies": {
        "cgi": "^0.3.1",
        "git-http-backend": "^1.1.2",
        "node-git-server": "^1.0.0"
      }
    },
    "node_modules/bufferjs": {
      "version": "3.0.1",
      "resolved": "https://registry.npmjs.org/bufferjs/-/bufferjs-3.0.1.tgz",
      "integrity": "sha512-qrCIGPcd9ODawCNyqR2o55zgaC/r7XHZ7oUh2s99uk+NVBS3SjIHigxS1S2KXpt8wsoQxAN55iPi8GIH8TGMRg==",
      "license": "MIT",
      "engines": {
        "node": ">=0.2.0"
      }
    },
    "node_modules/bufferlist": {
      "version": "0.1.0",
      "resolved": "https://registry.npmjs.org/bufferlist/-/bufferlist-0.1.0.tgz",
      "integrity": "sha512-cg77q4YhmxV+/e7WhrShHGyOgey0GowZwg0cfXKCz5v3wfx73pUyrsnLnGY7DQZnjhtvmAaSMrf045zuJpDGDg==",
      "engines": {
        "node": "*"
      }
    },
    "node_modules/cgi": {
      "version": "0.3.1",
      "resolved": "https://registry.npmjs.org/cgi/-/cgi-0.3.1.tgz",
      "integrity": "sha512-V8UI9xBCOBKkuw1UEnD5NxHNuYDGCN3q4FncqNXPDpsSEQWwBShqUrvxIf+nL31hMHc5RCbkAuUy4r7j0wx00A==",
      "license": "MIT",
      "dependencies": {
        "debug": "2",
        "extend": "~2.0.0",
        "header-stack": "~0.0.2",
        "stream-stack": "~1.1.1"
      }
    },
    "node_modules/debug": {
      "version": "2.6.9",
      "resolved": "https://registry.npmjs.org/debug/-/debug-2.6.9.tgz",
      "integrity": "sha512-bC7ElrdJaJnPbAP+1EotYvqZsb3ecl5wi6Bfi6BJTUcNowp6cvspg0jXznRTKDjm/E7AdgFBVeAPVMNcKGsHMA==",
      "license": "MIT",
      "dependencies": {
        "ms": "2.0.0"
      }
    },
    "node_modules/extend": {
      "version": "2.0.2",
      "resolved": "https://registry.npmjs.org/extend/-/extend-2.0.2.tgz",
      "integrity": "sha512-AgFD4VU+lVLP6vjnlNfF7OeInLTyeyckCNPEsuxz1vi786UuK/nk6ynPuhn/h+Ju9++TQyr5EpLRI14fc1QtTQ==",
      "license": "MIT"
    },
    "node_modules/git-http-backend": {
      "version": "1.1.2",
      "resolved": "https://registry.npmjs.org/git-http-backend/-/git-http-backend-1.1.2.tgz",
      "integrity": "sha512-Gx7n/kyCEXGFZlCGmbsEsyeyabLs8XWeb+E/6842up7p3PktQS2/8rlNfB6hCagnW0pJ13Tn8E3yhOkKS6ihdg==",
      "license": "MIT",
      "dependencies": {
        "git-side-band-message": "~0.0.3",
        "inherits": "~2.0.1"
      }
    },
    "node_modules/git-side-band-message": {
      "version": "0.0.3",
      "resolved": "https://registry.npmjs.org/git-side-band-message/-/git-side-band-message-0.0.3.tgz",
      "integrity": "sha512-4Rq4xm1+zqCkmuHxRbGdA5ActF7F4UfgK8uI0B7ZfSkByZfikRuF7mqHlvqmycvqos7jpXNkgsZK7DThLLHG3w==",
      "license": "BSD"
    },
    "node_modules/header-stack": {
      "version": "0.0.2",
      "resolved": "https://registry.npmjs.org/header-stack/-/header-stack-0.0.2.tgz",
      "integrity": "sha512-/Qs4VDHOv6/d7V59PxaNJvXUnk9er47KViQLa1l03dxvSzStHuAIN6cHMY1hHH/o+ceROmzaDLje918QKty0Jw==",
      "dependencies": {
        "bufferjs": ">= 0.2.3",
        "bufferlist": ">= 0.0.6",
        "stream-stack": ">= 1.1.1"
      },
      "engines": {
        "node": ">= 0.4.0"
      }
    },
    "node_modules/inherits": {
      "version": "2.0.4",
      "resolved": "https://registry.npmjs.org/inherits/-/inherits-2.0.4.tgz",
      "integrity": "sha512-k/vGaX4/Yla3WzyMCvTQOXYeIHvqOKtnqBduzTHpzpQZzAskKMhZ2K+EnBiSM9zGSoIFeMpXKxa4dYeZIQqewQ==",
      "license": "ISC"
    },
    "node_modules/ms": {
      "version": "2.0.0",
      "resolved": "https://registry.npmjs.org/ms/-/ms-2.0.0.tgz",
      "integrity": "sha512-Tpp60P6IUJDTuOq/5Z8cdskzJujfwqfOTkrwIwj7IRISpnkJnT6SyJ4PCPnGMoFjC9ddhal5KVIYtAt97ix05A==",
      "license": "MIT"
    },
    "node_modules/node-git-server": {
      "version": "1.0.0",
      "resolved": "https://registry.npmjs.org/node-git-server/-/node-git-server-1.0.0.tgz",
      "integrity": "sha512-LdAEExF4N6/RIuAdJe16l1U5OZrw5M1U7B4C4O2PiRVImyaPNTFeTHlj46vGgpjthvrK7z43JKcIPc4r6+j0fA==",
      "hasInstallScript": true,
      "license": "MIT",
      "dependencies": {
        "through": "^2.3.8"
      }
    },
    "node_modules/stream-stack": {
      "version": "1.1.4",
      "resolved": "https://registry.npmjs.org/stream-stack/-/stream-stack-1.1.4.tgz",
      "integrity": "sha512-bmRYXVkxuyuiK3kvf54hgfLpv2TGlNzXE9S/DCPV82HqhcDonPFuRBWpeQUCpnRrprVCqXwrxVTq9WDwrrsLTg==",
      "engines": {
        "node": ">= 0.3.0"
      }
    },
    "node_modules/through": {
      "version": "2.3.8",
      "resolved": "https://registry.npmjs.org/through/-/through-2.3.8.tgz",
      "integrity": "sha512-w89qg7PI8wAdvX60bMDP+bFoD5Dvhm9oLheFp5O4a2QF0cSBGsBX4qZmadPMvVqlLJBBci+WqGGOAPvcDeNSVg==",
      "license": "MIT"
    }
  }
}
